
Microsoft Visual Studio Solution File, Format Version 12.00
# Visual Studio 15
VisualStudioVersion = 15.0.28307.329
MinimumVisualStudioVersion = 10.0.40219.1
Project("{FAE04EC0-301F-11D3-BF4B-00C04F79EFBC}") = "ConsoleApp2", "ConsoleApp2\ConsoleApp2.csproj", "{0B5E42F9-0017-4D84-8A90-F8648084B634}"
EndProject
Global
	GlobalSection(SolutionConfigurationPlatforms) = preSolution
		Debug|Any CPU = Debug|Any CPU
		Release|Any CPU = Release|Any CPU
	EndGlobalSection
	GlobalSection(ProjectConfigurationPlatforms) = postSolution
		{0B5E42F9-0017-4D84-8A90-F8648084B634}.Debug|Any CPU.ActiveCfg = Debug|Any CPU
		{0B5E42F9-0017-4D84-8A90-F8648084B634}.Debug|Any CPU.Build.0 = Debug|Any CPU
		{0B5E42F9-0017-4D84-8A90-F8648084B634}.Release|Any CPU.ActiveCfg = Release|Any CPU
		{0B5E42F9-0017-4D84-8A90-F8648084B634}.Release|Any CPU.Build.0 = Release|Any CPU
	EndGlobalSection
	GlobalSection(SolutionProperties) = preSolution
		HideSolutionNode = FALSE
	EndGlobalSection
	GlobalSection(ExtensibilityGlobals) = postSolution
		SolutionGuid = {6CA0C4BC-FF1F-4ED2-9B78-8D02BBB1CE5E}
	EndGlobalSection
EndGlobal
